
Microsoft Visual Studio Solution File, Format Version 12.00
# Visual Studio 15
VisualStudioVersion = 15.0.26730.3
MinimumVisualStudioVersion = 10.0.40219.1
Project("{FAE04EC0-301F-11D3-BF4B-00C04F79EFBC}") = "FunctionApp3", "FunctionApp3\FunctionApp3.csproj", "{69BA558C-0810-4A98-BFE5-122EFB6AB12E}"
EndProject
Project("{FAE04EC0-301F-11D3-BF4B-00C04F79EFBC}") = "UnitTestProject1", "UnitTestProject1\UnitTestProject1.csproj", "{19C7E7B6-35C8-45CA-A93C-DBC5A132F509}"
EndProject
Project("{FAE04EC0-301F-11D3-BF4B-00C04F79EFBC}") = "XUnitTestProject1", "XUnitTestProject1\XUnitTestProject1.csproj", "{DFED38AF-245A-46F4-9369-96C29C24198F}"
EndProject
Global
	GlobalSection(SolutionConfigurationPlatforms) = preSolution
		Debug|Any CPU = Debug|Any CPU
		Release|Any CPU = Release|Any CPU
	EndGlobalSection
	GlobalSection(ProjectConfigurationPlatforms) = postSolution
		{69BA558C-0810-4A98-BFE5-122EFB6AB12E}.Debug|Any CPU.ActiveCfg = Debug|Any CPU
		{69BA558C-0810-4A98-BFE5-122EFB6AB12E}.Debug|Any CPU.Build.0 = Debug|Any CPU
		{69BA558C-0810-4A98-BFE5-122EFB6AB12E}.Release|Any CPU.ActiveCfg = Release|Any CPU
		{69BA558C-0810-4A98-BFE5-122EFB6AB12E}.Release|Any CPU.Build.0 = Release|Any CPU
		{19C7E7B6-35C8-45CA-A93C-DBC5A132F509}.Debug|Any CPU.ActiveCfg = Debug|Any CPU
		{19C7E7B6-35C8-45CA-A93C-DBC5A132F509}.Debug|Any CPU.Build.0 = Debug|Any CPU
		{19C7E7B6-35C8-45CA-A93C-DBC5A132F509}.Release|Any CPU.ActiveCfg = Release|Any CPU
		{19C7E7B6-35C8-45CA-A93C-DBC5A132F509}.Release|Any CPU.Build.0 = Release|Any CPU
		{DFED38AF-245A-46F4-9369-96C29C24198F}.Debug|Any CPU.ActiveCfg = Debug|Any CPU
		{DFED38AF-245A-46F4-9369-96C29C24198F}.Debug|Any CPU.Build.0 = Debug|Any CPU
		{DFED38AF-245A-46F4-9369-96C29C24198F}.Release|Any CPU.ActiveCfg = Release|Any CPU
		{DFED38AF-245A-46F4-9369-96C29C24198F}.Release|Any CPU.Build.0 = Release|Any CPU
	EndGlobalSection
	GlobalSection(SolutionProperties) = preSolution
		HideSolutionNode = FALSE
	EndGlobalSection
	GlobalSection(ExtensibilityGlobals) = postSolution
		SolutionGuid = {78BB0448-B1BA-4B6A-8A7D-0EBCD2E65D2A}
	EndGlobalSection
EndGlobal
